# Generated by pub
# See http://pub.dartlang.org/doc/glossary.html#lockfile
packages:
  async:
    description:
      name: async
      url: "https://pub.dartlang.org"
    source: hosted
    version: "2.0.1"
  charcode:
    description:
      name: charcode
      url: "https://pub.dartlang.org"
    source: hosted
    version: "1.1.1"
  collection:
    description:
      name: collection
      url: "https://pub.dartlang.org"
    source: hosted
    version: "1.14.5"
  convert:
    description:
      name: convert
      url: "https://pub.dartlang.org"
    source: hosted
    version: "2.0.1"
  crypto:
    description:
      name: crypto
      url: "https://pub.dartlang.org"
    source: hosted
    version: "2.0.2+1"
  http_parser:
    description:
      name: http_parser
      url: "https://pub.dartlang.org"
    source: hosted
    version: "3.1.1"
  logging:
    description:
      name: logging
      url: "https://pub.dartlang.org"
    source: hosted
    version: "0.11.3+1"
  path:
    description:
      name: path
      url: "https://pub.dartlang.org"
    source: hosted
    version: "1.5.1"
  shelf:
    description:
      name: shelf
      url: "https://pub.dartlang.org"
    source: hosted
    version: "0.7.2"
  source_span:
    description:
      name: source_span
      url: "https://pub.dartlang.org"
    source: hosted
    version: "1.4.0"
  sqljocky5:
    description:
      name: sqljocky5
      url: "https://pub.dartlang.org"
    source: hosted
    version: "1.0.0"
  stack_trace:
    description:
      name: stack_trace
      url: "https://pub.dartlang.org"
    source: hosted
    version: "1.9.1"
  stream_channel:
    description:
      name: stream_channel
      url: "https://pub.dartlang.org"
    source: hosted
    version: "1.6.3"
  string_scanner:
    description:
      name: string_scanner
      url: "https://pub.dartlang.org"
    source: hosted
    version: "1.0.2"
  typed_data:
    description:
      name: typed_data
      url: "https://pub.dartlang.org"
    source: hosted
    version: "1.1.5"
sdks:
  dart: ">=1.24.0 <2.0.0"
